// !$*UTF8*$!
{
	archiveVersion = 1;
	classes = {
	};
	objectVersion = 56;
	objects = {

/* Begin PBXBuildFile section */
		3112CC5C2C810C0D00F50143 /* WaterCut.swift in Sources */ = {isa = PBXBuildFile; fileRef = 3112CC5B2C810C0D00F50143 /* WaterCut.swift */; };
		3112CC5F2C810C5C00F50143 /* WaterCutListViewController.swift in Sources */ = {isa = PBXBuildFile; fileRef = 3112CC5E2C810C5C00F50143 /* WaterCutListViewController.swift */; };
		3112CC612C810C8D00F50143 /* WaterCutListPresenter.swift in Sources */ = {isa = PBXBuildFile; fileRef = 3112CC602C810C8D00F50143 /* WaterCutListPresenter.swift */; };
		3112CC632C810CA000F50143 /* WaterCutListInteractor.swift in Sources */ = {isa = PBXBuildFile; fileRef = 3112CC622C810CA000F50143 /* WaterCutListInteractor.swift */; };
		3112CC652C810CAE00F50143 /* WaterCutListRouter.swift in Sources */ = {isa = PBXBuildFile; fileRef = 3112CC642C810CAE00F50143 /* WaterCutListRouter.swift */; };
		3112CC682C810CC800F50143 /* WaterCutDetailViewController.swift in Sources */ = {isa = PBXBuildFile; fileRef = 3112CC672C810CC800F50143 /* WaterCutDetailViewController.swift */; };
		3112CC6A2C810CD600F50143 /* WaterCutDetailPresenter.swift in Sources */ = {isa = PBXBuildFile; fileRef = 3112CC692C810CD600F50143 /* WaterCutDetailPresenter.swift */; };
		3112CC6C2C810CE300F50143 /* WaterCutDetailInteractor.swift in Sources */ = {isa = PBXBuildFile; fileRef = 3112CC6B2C810CE300F50143 /* WaterCutDetailInteractor.swift */; };
		3112CC6E2C810CF300F50143 /* WaterCutDetailRouter.swift in Sources */ = {isa = PBXBuildFile; fileRef = 3112CC6D2C810CF300F50143 /* WaterCutDetailRouter.swift */; };
		3112CC702C81113F00F50143 /* NetworkService.swift in Sources */ = {isa = PBXBuildFile; fileRef = 3112CC6F2C81113F00F50143 /* NetworkService.swift */; };
		3112CC732C81156700F50143 /* SVProgressHUD in Frameworks */ = {isa = PBXBuildFile; productRef = 3112CC722C81156700F50143 /* SVProgressHUD */; };
		319949A32C810A6100530AEE /* AppDelegate.swift in Sources */ = {isa = PBXBuildFile; fileRef = 319949A22C810A6100530AEE /* AppDelegate.swift */; };
		319949A52C810A6100530AEE /* SceneDelegate.swift in Sources */ = {isa = PBXBuildFile; fileRef = 319949A42C810A6100530AEE /* SceneDelegate.swift */; };
		319949AA2C810A6100530AEE /* Base in Resources */ = {isa = PBXBuildFile; fileRef = 319949A92C810A6100530AEE /* Base */; };
		319949AC2C810A6200530AEE /* Assets.xcassets in Resources */ = {isa = PBXBuildFile; fileRef = 319949AB2C810A6200530AEE /* Assets.xcassets */; };
		319949AF2C810A6200530AEE /* Base in Resources */ = {isa = PBXBuildFile; fileRef = 319949AE2C810A6200530AEE /* Base */; };
		319949BA2C810A6200530AEE /* SuGitti_VIPERTests.swift in Sources */ = {isa = PBXBuildFile; fileRef = 319949B92C810A6200530AEE /* SuGitti_VIPERTests.swift */; };
		319949C42C810A6200530AEE /* SuGitti_VIPERUITests.swift in Sources */ = {isa = PBXBuildFile; fileRef = 319949C32C810A6200530AEE /* SuGitti_VIPERUITests.swift */; };
		319949C62C810A6200530AEE /* SuGitti_VIPERUITestsLaunchTests.swift in Sources */ = {isa = PBXBuildFile; fileRef = 319949C52C810A6200530AEE /* SuGitti_VIPERUITestsLaunchTests.swift */; };
/* End PBXBuildFile section */

/* Begin PBXContainerItemProxy section */
		319949B62C810A6200530AEE /* PBXContainerItemProxy */ = {
			isa = PBXContainerItemProxy;
			containerPortal = 319949972C810A6100530AEE /* Project object */;
			proxyType = 1;
			remoteGlobalIDString = 3199499E2C810A6100530AEE;
			remoteInfo = "SuGitti-VIPER";
		};
		319949C02C810A6200530AEE /* PBXContainerItemProxy */ = {
			isa = PBXContainerItemProxy;
			containerPortal = 319949972C810A6100530AEE /* Project object */;
			proxyType = 1;
			remoteGlobalIDString = 3199499E2C810A6100530AEE;
			remoteInfo = "SuGitti-VIPER";
		};
/* End PBXContainerItemProxy section */

/* Begin PBXFileReference section */
		3112CC5B2C810C0D00F50143 /* WaterCut.swift */ = {isa = PBXFileReference; lastKnownFileType = sourcecode.swift; path = WaterCut.swift; sourceTree = "<group>"; };
		3112CC5E2C810C5C00F50143 /* WaterCutListViewController.swift */ = {isa = PBXFileReference; lastKnownFileType = sourcecode.swift; path = WaterCutListViewController.swift; sourceTree = "<group>"; };
		3112CC602C810C8D00F50143 /* WaterCutListPresenter.swift */ = {isa = PBXFileReference; lastKnownFileType = sourcecode.swift; path = WaterCutListPresenter.swift; sourceTree = "<group>"; };
		3112CC622C810CA000F50143 /* WaterCutListInteractor.swift */ = {isa = PBXFileReference; lastKnownFileType = sourcecode.swift; path = WaterCutListInteractor.swift; sourceTree = "<group>"; };
		3112CC642C810CAE00F50143 /* WaterCutListRouter.swift */ = {isa = PBXFileReference; lastKnownFileType = sourcecode.swift; path = WaterCutListRouter.swift; sourceTree = "<group>"; };
		3112CC672C810CC800F50143 /* WaterCutDetailViewController.swift */ = {isa = PBXFileReference; lastKnownFileType = sourcecode.swift; path = WaterCutDetailViewController.swift; sourceTree = "<group>"; };
		3112CC692C810CD600F50143 /* WaterCutDetailPresenter.swift */ = {isa = PBXFileReference; lastKnownFileType = sourcecode.swift; path = WaterCutDetailPresenter.swift; sourceTree = "<group>"; };
		3112CC6B2C810CE300F50143 /* WaterCutDetailInteractor.swift */ = {isa = PBXFileReference; lastKnownFileType = sourcecode.swift; path = WaterCutDetailInteractor.swift; sourceTree = "<group>"; };
		3112CC6D2C810CF300F50143 /* WaterCutDetailRouter.swift */ = {isa = PBXFileReference; lastKnownFileType = sourcecode.swift; path = WaterCutDetailRouter.swift; sourceTree = "<group>"; };
		3112CC6F2C81113F00F50143 /* NetworkService.swift */ = {isa = PBXFileReference; lastKnownFileType = sourcecode.swift; path = NetworkService.swift; sourceTree = "<group>"; };
		3199499F2C810A6100530AEE /* SuGitti-VIPER.app */ = {isa = PBXFileReference; explicitFileType = wrapper.application; includeInIndex = 0; path = "SuGitti-VIPER.app"; sourceTree = BUILT_PRODUCTS_DIR; };
		319949A22C810A6100530AEE /* AppDelegate.swift */ = {isa = PBXFileReference; lastKnownFileType = sourcecode.swift; path = AppDelegate.swift; sourceTree = "<group>"; };
		319949A42C810A6100530AEE /* SceneDelegate.swift */ = {isa = PBXFileReference; lastKnownFileType = sourcecode.swift; path = SceneDelegate.swift; sourceTree = "<group>"; };
		319949A92C810A6100530AEE /* Base */ = {isa = PBXFileReference; lastKnownFileType = file.storyboard; name = Base; path = Base.lproj/Main.storyboard; sourceTree = "<group>"; };
		319949AB2C810A6200530AEE /* Assets.xcassets */ = {isa = PBXFileReference; lastKnownFileType = folder.assetcatalog; path = Assets.xcassets; sourceTree = "<group>"; };
		319949AE2C810A6200530AEE /* Base */ = {isa = PBXFileReference; lastKnownFileType = file.storyboard; name = Base; path = Base.lproj/LaunchScreen.storyboard; sourceTree = "<group>"; };
		319949B02C810A6200530AEE /* Info.plist */ = {isa = PBXFileReference; lastKnownFileType = text.plist.xml; path = Info.plist; sourceTree = "<group>"; };
		319949B52C810A6200530AEE /* SuGitti-VIPERTests.xctest */ = {isa = PBXFileReference; explicitFileType = wrapper.cfbundle; includeInIndex = 0; path = "SuGitti-VIPERTests.xctest"; sourceTree = BUILT_PRODUCTS_DIR; };
		319949B92C810A6200530AEE /* SuGitti_VIPERTests.swift */ = {isa = PBXFileReference; lastKnownFileType = sourcecode.swift; path = SuGitti_VIPERTests.swift; sourceTree = "<group>"; };
		319949BF2C810A6200530AEE /* SuGitti-VIPERUITests.xctest */ = {isa = PBXFileReference; explicitFileType = wrapper.cfbundle; includeInIndex = 0; path = "SuGitti-VIPERUITests.xctest"; sourceTree = BUILT_PRODUCTS_DIR; };
		319949C32C810A6200530AEE /* SuGitti_VIPERUITests.swift */ = {isa = PBXFileReference; lastKnownFileType = sourcecode.swift; path = SuGitti_VIPERUITests.swift; sourceTree = "<group>"; };
		319949C52C810A6200530AEE /* SuGitti_VIPERUITestsLaunchTests.swift */ = {isa = PBXFileReference; lastKnownFileType = sourcecode.swift; path = SuGitti_VIPERUITestsLaunchTests.swift; sourceTree = "<group>"; };
/* End PBXFileReference section */

/* Begin PBXFrameworksBuildPhase section */
		3199499C2C810A6100530AEE /* Frameworks */ = {
			isa = PBXFrameworksBuildPhase;
			buildActionMask = 2147483647;
			files = (
				3112CC732C81156700F50143 /* SVProgressHUD in Frameworks */,
			);
			runOnlyForDeploymentPostprocessing = 0;
		};
		319949B22C810A6200530AEE /* Frameworks */ = {
			isa = PBXFrameworksBuildPhase;
			buildActionMask = 2147483647;
			files = (
			);
			runOnlyForDeploymentPostprocessing = 0;
		};
		319949BC2C810A6200530AEE /* Frameworks */ = {
			isa = PBXFrameworksBuildPhase;
			buildActionMask = 2147483647;
			files = (
			);
			runOnlyForDeploymentPostprocessing = 0;
		};
/* End PBXFrameworksBuildPhase section */

/* Begin PBXGroup section */
		3112CC5D2C810C4A00F50143 /* WaterCutList */ = {
			isa = PBXGroup;
			children = (
				3112CC5E2C810C5C00F50143 /* WaterCutListViewController.swift */,
				3112CC602C810C8D00F50143 /* WaterCutListPresenter.swift */,
				3112CC622C810CA000F50143 /* WaterCutListInteractor.swift */,
				3112CC642C810CAE00F50143 /* WaterCutListRouter.swift */,
			);
			path = WaterCutList;
			sourceTree = "<group>";
		};
		3112CC662C810CBF00F50143 /* WaterCutDetail */ = {
			isa = PBXGroup;
			children = (
				3112CC672C810CC800F50143 /* WaterCutDetailViewController.swift */,
				3112CC692C810CD600F50143 /* WaterCutDetailPresenter.swift */,
				3112CC6B2C810CE300F50143 /* WaterCutDetailInteractor.swift */,
				3112CC6D2C810CF300F50143 /* WaterCutDetailRouter.swift */,
			);
			path = WaterCutDetail;
			sourceTree = "<group>";
		};
		319949962C810A6100530AEE = {
			isa = PBXGroup;
			children = (
				319949A12C810A6100530AEE /* SuGitti-VIPER */,
				319949B82C810A6200530AEE /* SuGitti-VIPERTests */,
				319949C22C810A6200530AEE /* SuGitti-VIPERUITests */,
				319949A02C810A6100530AEE /* Products */,
			);
			sourceTree = "<group>";
		};
		319949A02C810A6100530AEE /* Products */ = {
			isa = PBXGroup;
			children = (
				3199499F2C810A6100530AEE /* SuGitti-VIPER.app */,
				319949B52C810A6200530AEE /* SuGitti-VIPERTests.xctest */,
				319949BF2C810A6200530AEE /* SuGitti-VIPERUITests.xctest */,
			);
			name = Products;
			sourceTree = "<group>";
		};
		319949A12C810A6100530AEE /* SuGitti-VIPER */ = {
			isa = PBXGroup;
			children = (
				319949D82C810B0500530AEE /* App */,
				319949D72C810AFD00530AEE /* Common */,
				319949D62C810AF300530AEE /* Modules */,
				319949D52C810AEA00530AEE /* Services */,
				319949D32C810AD400530AEE /* Resources */,
				319949D22C810ABB00530AEE /* Storyboards */,
			);
			path = "SuGitti-VIPER";
			sourceTree = "<group>";
		};
		319949B82C810A6200530AEE /* SuGitti-VIPERTests */ = {
			isa = PBXGroup;
			children = (
				319949B92C810A6200530AEE /* SuGitti_VIPERTests.swift */,
			);
			path = "SuGitti-VIPERTests";
			sourceTree = "<group>";
		};
		319949C22C810A6200530AEE /* SuGitti-VIPERUITests */ = {
			isa = PBXGroup;
			children = (
				319949C32C810A6200530AEE /* SuGitti_VIPERUITests.swift */,
				319949C52C810A6200530AEE /* SuGitti_VIPERUITestsLaunchTests.swift */,
			);
			path = "SuGitti-VIPERUITests";
			sourceTree = "<group>";
		};
		319949D22C810ABB00530AEE /* Storyboards */ = {
			isa = PBXGroup;
			children = (
				319949A82C810A6100530AEE /* Main.storyboard */,
				319949AD2C810A6200530AEE /* LaunchScreen.storyboard */,
			);
			path = Storyboards;
			sourceTree = "<group>";
		};
		319949D32C810AD400530AEE /* Resources */ = {
			isa = PBXGroup;
			children = (
				319949AB2C810A6200530AEE /* Assets.xcassets */,
			);
			path = Resources;
			sourceTree = "<group>";
		};
		319949D52C810AEA00530AEE /* Services */ = {
			isa = PBXGroup;
			children = (
				3112CC6F2C81113F00F50143 /* NetworkService.swift */,
			);
			path = Services;
			sourceTree = "<group>";
		};
		319949D62C810AF300530AEE /* Modules */ = {
			isa = PBXGroup;
			children = (
				3112CC662C810CBF00F50143 /* WaterCutDetail */,
				3112CC5D2C810C4A00F50143 /* WaterCutList */,
			);
			path = Modules;
			sourceTree = "<group>";
		};
		319949D72C810AFD00530AEE /* Common */ = {
			isa = PBXGroup;
			children = (
				319949DA2C810B8700530AEE /* Extensions */,
				319949D92C810B8100530AEE /* Models */,
			);
			path = Common;
			sourceTree = "<group>";
		};
		319949D82C810B0500530AEE /* App */ = {
			isa = PBXGroup;
			children = (
				319949B02C810A6200530AEE /* Info.plist */,
				319949A22C810A6100530AEE /* AppDelegate.swift */,
				319949A42C810A6100530AEE /* SceneDelegate.swift */,
			);
			name = App;
			sourceTree = "<group>";
		};
		319949D92C810B8100530AEE /* Models */ = {
			isa = PBXGroup;
			children = (
				3112CC5B2C810C0D00F50143 /* WaterCut.swift */,
			);
			path = Models;
			sourceTree = "<group>";
		};
		319949DA2C810B8700530AEE /* Extensions */ = {
			isa = PBXGroup;
			children = (
			);
			path = Extensions;
			sourceTree = "<group>";
		};
/* End PBXGroup section */

/* Begin PBXNativeTarget section */
		3199499E2C810A6100530AEE /* SuGitti-VIPER */ = {
			isa = PBXNativeTarget;
			buildConfigurationList = 319949C92C810A6200530AEE /* Build configuration list for PBXNativeTarget "SuGitti-VIPER" */;
			buildPhases = (
				3199499B2C810A6100530AEE /* Sources */,
				3199499C2C810A6100530AEE /* Frameworks */,
				3199499D2C810A6100530AEE /* Resources */,
			);
			buildRules = (
			);
			dependencies = (
			);
			name = "SuGitti-VIPER";
			packageProductDependencies = (
				3112CC722C81156700F50143 /* SVProgressHUD */,
			);
			productName = "SuGitti-VIPER";
			productReference = 3199499F2C810A6100530AEE /* SuGitti-VIPER.app */;
			productType = "com.apple.product-type.application";
		};
		319949B42C810A6200530AEE /* SuGitti-VIPERTests */ = {
			isa = PBXNativeTarget;
			buildConfigurationList = 319949CC2C810A6200530AEE /* Build configuration list for PBXNativeTarget "SuGitti-VIPERTests" */;
			buildPhases = (
				319949B12C810A6200530AEE /* Sources */,
				319949B22C810A6200530AEE /* Frameworks */,
				319949B32C810A6200530AEE /* Resources */,
			);
			buildRules = (
			);
			dependencies = (
				319949B72C810A6200530AEE /* PBXTargetDependency */,
			);
			name = "SuGitti-VIPERTests";
			productName = "SuGitti-VIPERTests";
			productReference = 319949B52C810A6200530AEE /* SuGitti-VIPERTests.xctest */;
			productType = "com.apple.product-type.bundle.unit-test";
		};
		319949BE2C810A6200530AEE /* SuGitti-VIPERUITests */ = {
			isa = PBXNativeTarget;
			buildConfigurationList = 319949CF2C810A6200530AEE /* Build configuration list for PBXNativeTarget "SuGitti-VIPERUITests" */;
			buildPhases = (
				319949BB2C810A6200530AEE /* Sources */,
				319949BC2C810A6200530AEE /* Frameworks */,
				319949BD2C810A6200530AEE /* Resources */,
			);
			buildRules = (
			);
			dependencies = (
				319949C12C810A6200530AEE /* PBXTargetDependency */,
			);
			name = "SuGitti-VIPERUITests";
			productName = "SuGitti-VIPERUITests";
			productReference = 319949BF2C810A6200530AEE /* SuGitti-VIPERUITests.xctest */;
			productType = "com.apple.product-type.bundle.ui-testing";
		};
/* End PBXNativeTarget section */

/* Begin PBXProject section */
		319949972C810A6100530AEE /* Project object */ = {
			isa = PBXProject;
			attributes = {
				BuildIndependentTargetsInParallel = 1;
				LastSwiftUpdateCheck = 1540;
				LastUpgradeCheck = 1540;
				TargetAttributes = {
					3199499E2C810A6100530AEE = {
						CreatedOnToolsVersion = 15.4;
					};
					319949B42C810A6200530AEE = {
						CreatedOnToolsVersion = 15.4;
						TestTargetID = 3199499E2C810A6100530AEE;
					};
					319949BE2C810A6200530AEE = {
						CreatedOnToolsVersion = 15.4;
						TestTargetID = 3199499E2C810A6100530AEE;
					};
				};
			};
			buildConfigurationList = 3199499A2C810A6100530AEE /* Build configuration list for PBXProject "SuGitti-VIPER" */;
			compatibilityVersion = "Xcode 14.0";
			developmentRegion = en;
			hasScannedForEncodings = 0;
			knownRegions = (
				en,
				Base,
			);
			mainGroup = 319949962C810A6100530AEE;
			packageReferences = (
				3112CC712C81156700F50143 /* XCRemoteSwiftPackageReference "SVProgressHUD" */,
			);
			productRefGroup = 319949A02C810A6100530AEE /* Products */;
			projectDirPath = "";
			projectRoot = "";
			targets = (
				3199499E2C810A6100530AEE /* SuGitti-VIPER */,
				319949B42C810A6200530AEE /* SuGitti-VIPERTests */,
				319949BE2C810A6200530AEE /* SuGitti-VIPERUITests */,
			);
		};
/* End PBXProject section */

/* Begin PBXResourcesBuildPhase section */
		3199499D2C810A6100530AEE /* Resources */ = {
			isa = PBXResourcesBuildPhase;
			buildActionMask = 2147483647;
			files = (
				319949AC2C810A6200530AEE /* Assets.xcassets in Resources */,
				319949AF2C810A6200530AEE /* Base in Resources */,
				319949AA2C810A6100530AEE /* Base in Resources */,
			);
			runOnlyForDeploymentPostprocessing = 0;
		};
		319949B32C810A6200530AEE /* Resources */ = {
			isa = PBXResourcesBuildPhase;
			buildActionMask = 2147483647;
			files = (
			);
			runOnlyForDeploymentPostprocessing = 0;
		};
		319949BD2C810A6200530AEE /* Resources */ = {
			isa = PBXResourcesBuildPhase;
			buildActionMask = 2147483647;
			files = (
			);
			runOnlyForDeploymentPostprocessing = 0;
		};
/* End PBXResourcesBuildPhase section */

/* Begin PBXSourcesBuildPhase section */
		3199499B2C810A6100530AEE /* Sources */ = {
			isa = PBXSourcesBuildPhase;
			buildActionMask = 2147483647;
			files = (
				319949A32C810A6100530AEE /* AppDelegate.swift in Sources */,
				319949A52C810A6100530AEE /* SceneDelegate.swift in Sources */,
				3112CC6A2C810CD600F50143 /* WaterCutDetailPresenter.swift in Sources */,
				3112CC652C810CAE00F50143 /* WaterCutListRouter.swift in Sources */,
				3112CC612C810C8D00F50143 /* WaterCutListPresenter.swift in Sources */,
				3112CC5F2C810C5C00F50143 /* WaterCutListViewController.swift in Sources */,
				3112CC6C2C810CE300F50143 /* WaterCutDetailInteractor.swift in Sources */,
				3112CC5C2C810C0D00F50143 /* WaterCut.swift in Sources */,
				3112CC682C810CC800F50143 /* WaterCutDetailViewController.swift in Sources */,
				3112CC6E2C810CF300F50143 /* WaterCutDetailRouter.swift in Sources */,
				3112CC702C81113F00F50143 /* NetworkService.swift in Sources */,
				3112CC632C810CA000F50143 /* WaterCutListInteractor.swift in Sources */,
			);
			runOnlyForDeploymentPostprocessing = 0;
		};
		319949B12C810A6200530AEE /* Sources */ = {
			isa = PBXSourcesBuildPhase;
			buildActionMask = 2147483647;
			files = (
				319949BA2C810A6200530AEE /* SuGitti_VIPERTests.swift in Sources */,
			);
			runOnlyForDeploymentPostprocessing = 0;
		};
		319949BB2C810A6200530AEE /* Sources */ = {
			isa = PBXSourcesBuildPhase;
			buildActionMask = 2147483647;
			files = (
				319949C42C810A6200530AEE /* SuGitti_VIPERUITests.swift in Sources */,
				319949C62C810A6200530AEE /* SuGitti_VIPERUITestsLaunchTests.swift in Sources */,
			);
			runOnlyForDeploymentPostprocessing = 0;
		};
/* End PBXSourcesBuildPhase section */

/* Begin PBXTargetDependency section */
		319949B72C810A6200530AEE /* PBXTargetDependency */ = {
			isa = PBXTargetDependency;
			target = 3199499E2C810A6100530AEE /* SuGitti-VIPER */;
			targetProxy = 319949B62C810A6200530AEE /* PBXContainerItemProxy */;
		};
		319949C12C810A6200530AEE /* PBXTargetDependency */ = {
			isa = PBXTargetDependency;
			target = 3199499E2C810A6100530AEE /* SuGitti-VIPER */;
			targetProxy = 319949C02C810A6200530AEE /* PBXContainerItemProxy */;
		};
/* End PBXTargetDependency section */

/* Begin PBXVariantGroup section */
		319949A82C810A6100530AEE /* Main.storyboard */ = {
			isa = PBXVariantGroup;
			children = (
				319949A92C810A6100530AEE /* Base */,
			);
			name = Main.storyboard;
			sourceTree = "<group>";
		};
		319949AD2C810A6200530AEE /* LaunchScreen.storyboard */ = {
			isa = PBXVariantGroup;
			children = (
				319949AE2C810A6200530AEE /* Base */,
			);
			name = LaunchScreen.storyboard;
			sourceTree = "<group>";
		};
/* End PBXVariantGroup section */

/* Begin XCBuildConfiguration section */
		319949C72C810A6200530AEE /* Debug */ = {
			isa = XCBuildConfiguration;
			buildSettings = {
				ALWAYS_SEARCH_USER_PATHS = NO;
				ASSETCATALOG_COMPILER_GENERATE_SWIFT_ASSET_SYMBOL_EXTENSIONS = YES;
				CLANG_ANALYZER_NONNULL = YES;
				CLANG_ANALYZER_NUMBER_OBJECT_CONVERSION = YES_AGGRESSIVE;
				CLANG_CXX_LANGUAGE_STANDARD = "gnu++20";
				CLANG_ENABLE_MODULES = YES;
				CLANG_ENABLE_OBJC_ARC = YES;
				CLANG_ENABLE_OBJC_WEAK = YES;
				CLANG_WARN_BLOCK_CAPTURE_AUTORELEASING = YES;
				CLANG_WARN_BOOL_CONVERSION = YES;
				CLANG_WARN_COMMA = YES;
				CLANG_WARN_CONSTANT_CONVERSION = YES;
				CLANG_WARN_DEPRECATED_OBJC_IMPLEMENTATIONS = YES;
				CLANG_WARN_DIRECT_OBJC_ISA_USAGE = YES_ERROR;
				CLANG_WARN_DOCUMENTATION_COMMENTS = YES;
				CLANG_WARN_EMPTY_BODY = YES;
				CLANG_WARN_ENUM_CONVERSION = YES;
				CLANG_WARN_INFINITE_RECURSION = YES;
				CLANG_WARN_INT_CONVERSION = YES;
				CLANG_WARN_NON_LITERAL_NULL_CONVERSION = YES;
				CLANG_WARN_OBJC_IMPLICIT_RETAIN_SELF = YES;
				CLANG_WARN_OBJC_LITERAL_CONVERSION = YES;
				CLANG_WARN_OBJC_ROOT_CLASS = YES_ERROR;
				CLANG_WARN_QUOTED_INCLUDE_IN_FRAMEWORK_HEADER = YES;
				CLANG_WARN_RANGE_LOOP_ANALYSIS = YES;
				CLANG_WARN_STRICT_PROTOTYPES = YES;
				CLANG_WARN_SUSPICIOUS_MOVE = YES;
				CLANG_WARN_UNGUARDED_AVAILABILITY = YES_AGGRESSIVE;
				CLANG_WARN_UNREACHABLE_CODE = YES;
				CLANG_WARN__DUPLICATE_METHOD_MATCH = YES;
				COPY_PHASE_STRIP = NO;
				DEBUG_INFORMATION_FORMAT = dwarf;
				ENABLE_STRICT_OBJC_MSGSEND = YES;
				ENABLE_TESTABILITY = YES;
				ENABLE_USER_SCRIPT_SANDBOXING = YES;
				GCC_C_LANGUAGE_STANDARD = gnu17;
				GCC_DYNAMIC_NO_PIC = NO;
				GCC_NO_COMMON_BLOCKS = YES;
				GCC_OPTIMIZATION_LEVEL = 0;
				GCC_PREPROCESSOR_DEFINITIONS = (
					"DEBUG=1",
					"$(inherited)",
				);
				GCC_WARN_64_TO_32_BIT_CONVERSION = YES;
				GCC_WARN_ABOUT_RETURN_TYPE = YES_ERROR;
				GCC_WARN_UNDECLARED_SELECTOR = YES;
				GCC_WARN_UNINITIALIZED_AUTOS = YES_AGGRESSIVE;
				GCC_WARN_UNUSED_FUNCTION = YES;
				GCC_WARN_UNUSED_VARIABLE = YES;
				IPHONEOS_DEPLOYMENT_TARGET = 17.5;
				LOCALIZATION_PREFERS_STRING_CATALOGS = YES;
				MTL_ENABLE_DEBUG_INFO = INCLUDE_SOURCE;
				MTL_FAST_MATH = YES;
				ONLY_ACTIVE_ARCH = YES;
				SDKROOT = iphoneos;
				SWIFT_ACTIVE_COMPILATION_CONDITIONS = "DEBUG $(inherited)";
				SWIFT_OPTIMIZATION_LEVEL = "-Onone";
			};
			name = Debug;
		};
		319949C82C810A6200530AEE /* Release */ = {
			isa = XCBuildConfiguration;
			buildSettings = {
				ALWAYS_SEARCH_USER_PATHS = NO;
				ASSETCATALOG_COMPILER_GENERATE_SWIFT_ASSET_SYMBOL_EXTENSIONS = YES;
				CLANG_ANALYZER_NONNULL = YES;
				CLANG_ANALYZER_NUMBER_OBJECT_CONVERSION = YES_AGGRESSIVE;
				CLANG_CXX_LANGUAGE_STANDARD = "gnu++20";
				CLANG_ENABLE_MODULES = YES;
				CLANG_ENABLE_OBJC_ARC = YES;
				CLANG_ENABLE_OBJC_WEAK = YES;
				CLANG_WARN_BLOCK_CAPTURE_AUTORELEASING = YES;
				CLANG_WARN_BOOL_CONVERSION = YES;
				CLANG_WARN_COMMA = YES;
				CLANG_WARN_CONSTANT_CONVERSION = YES;
				CLANG_WARN_DEPRECATED_OBJC_IMPLEMENTATIONS = YES;
				CLANG_WARN_DIRECT_OBJC_ISA_USAGE = YES_ERROR;
				CLANG_WARN_DOCUMENTATION_COMMENTS = YES;
				CLANG_WARN_EMPTY_BODY = YES;
				CLANG_WARN_ENUM_CONVERSION = YES;
				CLANG_WARN_INFINITE_RECURSION = YES;
				CLANG_WARN_INT_CONVERSION = YES;
				CLANG_WARN_NON_LITERAL_NULL_CONVERSION = YES;
				CLANG_WARN_OBJC_IMPLICIT_RETAIN_SELF = YES;
				CLANG_WARN_OBJC_LITERAL_CONVERSION = YES;
				CLANG_WARN_OBJC_ROOT_CLASS = YES_ERROR;
				CLANG_WARN_QUOTED_INCLUDE_IN_FRAMEWORK_HEADER = YES;
				CLANG_WARN_RANGE_LOOP_ANALYSIS = YES;
				CLANG_WARN_STRICT_PROTOTYPES = YES;
				CLANG_WARN_SUSPICIOUS_MOVE = YES;
				CLANG_WARN_UNGUARDED_AVAILABILITY = YES_AGGRESSIVE;
				CLANG_WARN_UNREACHABLE_CODE = YES;
				CLANG_WARN__DUPLICATE_METHOD_MATCH = YES;
				COPY_PHASE_STRIP = NO;
				DEBUG_INFORMATION_FORMAT = "dwarf-with-dsym";
				ENABLE_NS_ASSERTIONS = NO;
				ENABLE_STRICT_OBJC_MSGSEND = YES;
				ENABLE_USER_SCRIPT_SANDBOXING = YES;
				GCC_C_LANGUAGE_STANDARD = gnu17;
				GCC_NO_COMMON_BLOCKS = YES;
				GCC_WARN_64_TO_32_BIT_CONVERSION = YES;
				GCC_WARN_ABOUT_RETURN_TYPE = YES_ERROR;
				GCC_WARN_UNDECLARED_SELECTOR = YES;
				GCC_WARN_UNINITIALIZED_AUTOS = YES_AGGRESSIVE;
				GCC_WARN_UNUSED_FUNCTION = YES;
				GCC_WARN_UNUSED_VARIABLE = YES;
				IPHONEOS_DEPLOYMENT_TARGET = 17.5;
				LOCALIZATION_PREFERS_STRING_CATALOGS = YES;
				MTL_ENABLE_DEBUG_INFO = NO;
				MTL_FAST_MATH = YES;
				SDKROOT = iphoneos;
				SWIFT_COMPILATION_MODE = wholemodule;
				VALIDATE_PRODUCT = YES;
			};
			name = Release;
		};
		319949CA2C810A6200530AEE /* Debug */ = {
			isa = XCBuildConfiguration;
			buildSettings = {
				ASSETCATALOG_COMPILER_APPICON_NAME = AppIcon;
				ASSETCATALOG_COMPILER_GLOBAL_ACCENT_COLOR_NAME = AccentColor;
				CODE_SIGN_STYLE = Automatic;
				CURRENT_PROJECT_VERSION = 1;
				DEVELOPMENT_TEAM = LD92982N8X;
				GENERATE_INFOPLIST_FILE = YES;
				INFOPLIST_FILE = "SuGitti-VIPER/Info.plist";
				INFOPLIST_KEY_UIApplicationSupportsIndirectInputEvents = YES;
				INFOPLIST_KEY_UILaunchStoryboardName = LaunchScreen;
				INFOPLIST_KEY_UIMainStoryboardFile = Main;
				INFOPLIST_KEY_UISupportedInterfaceOrientations_iPad = "UIInterfaceOrientationPortrait UIInterfaceOrientationPortraitUpsideDown UIInterfaceOrientationLandscapeLeft UIInterfaceOrientationLandscapeRight";
				INFOPLIST_KEY_UISupportedInterfaceOrientations_iPhone = "UIInterfaceOrientationPortrait UIInterfaceOrientationLandscapeLeft UIInterfaceOrientationLandscapeRight";
				LD_RUNPATH_SEARCH_PATHS = (
					"$(inherited)",
					"@executable_path/Frameworks",
				);
				MARKETING_VERSION = 1.0;
				PRODUCT_BUNDLE_IDENTIFIER = "com.ios.SuGitti-VIPER";
				PRODUCT_NAME = "$(TARGET_NAME)";
				SWIFT_EMIT_LOC_STRINGS = YES;
				SWIFT_VERSION = 5.0;
				TARGETED_DEVICE_FAMILY = "1,2";
			};
			name = Debug;
		};
		319949CB2C810A6200530AEE /* Release */ = {
			isa = XCBuildConfiguration;
			buildSettings = {
				ASSETCATALOG_COMPILER_APPICON_NAME = AppIcon;
				ASSETCATALOG_COMPILER_GLOBAL_ACCENT_COLOR_NAME = AccentColor;
				CODE_SIGN_STYLE = Automatic;
				CURRENT_PROJECT_VERSION = 1;
				DEVELOPMENT_TEAM = LD92982N8X;
				GENERATE_INFOPLIST_FILE = YES;
				INFOPLIST_FILE = "SuGitti-VIPER/Info.plist";
				INFOPLIST_KEY_UIApplicationSupportsIndirectInputEvents = YES;
				INFOPLIST_KEY_UILaunchStoryboardName = LaunchScreen;
				INFOPLIST_KEY_UIMainStoryboardFile = Main;
				INFOPLIST_KEY_UISupportedInterfaceOrientations_iPad = "UIInterfaceOrientationPortrait UIInterfaceOrientationPortraitUpsideDown UIInterfaceOrientationLandscapeLeft UIInterfaceOrientationLandscapeRight";
				INFOPLIST_KEY_UISupportedInterfaceOrientations_iPhone = "UIInterfaceOrientationPortrait UIInterfaceOrientationLandscapeLeft UIInterfaceOrientationLandscapeRight";
				LD_RUNPATH_SEARCH_PATHS = (
					"$(inherited)",
					"@executable_path/Frameworks",
				);
				MARKETING_VERSION = 1.0;
				PRODUCT_BUNDLE_IDENTIFIER = "com.ios.SuGitti-VIPER";
				PRODUCT_NAME = "$(TARGET_NAME)";
				SWIFT_EMIT_LOC_STRINGS = YES;
				SWIFT_VERSION = 5.0;
				TARGETED_DEVICE_FAMILY = "1,2";
			};
			name = Release;
		};
		319949CD2C810A6200530AEE /* Debug */ = {
			isa = XCBuildConfiguration;
			buildSettings = {
				ALWAYS_EMBED_SWIFT_STANDARD_LIBRARIES = YES;
				BUNDLE_LOADER = "$(TEST_HOST)";
				CODE_SIGN_STYLE = Automatic;
				CURRENT_PROJECT_VERSION = 1;
				DEVELOPMENT_TEAM = LD92982N8X;
				GENERATE_INFOPLIST_FILE = YES;
				IPHONEOS_DEPLOYMENT_TARGET = 17.5;
				MARKETING_VERSION = 1.0;
				PRODUCT_BUNDLE_IDENTIFIER = "com.ios.SuGitti-VIPERTests";
				PRODUCT_NAME = "$(TARGET_NAME)";
				SWIFT_EMIT_LOC_STRINGS = NO;
				SWIFT_VERSION = 5.0;
				TARGETED_DEVICE_FAMILY = "1,2";
				TEST_HOST = "$(BUILT_PRODUCTS_DIR)/SuGitti-VIPER.app/$(BUNDLE_EXECUTABLE_FOLDER_PATH)/SuGitti-VIPER";
			};
			name = Debug;
		};
		319949CE2C810A6200530AEE /* Release */ = {
			isa = XCBuildConfiguration;
			buildSettings = {
				ALWAYS_EMBED_SWIFT_STANDARD_LIBRARIES = YES;
				BUNDLE_LOADER = "$(TEST_HOST)";
				CODE_SIGN_STYLE = Automatic;
				CURRENT_PROJECT_VERSION = 1;
				DEVELOPMENT_TEAM = LD92982N8X;
				GENERATE_INFOPLIST_FILE = YES;
				IPHONEOS_DEPLOYMENT_TARGET = 17.5;
				MARKETING_VERSION = 1.0;
				PRODUCT_BUNDLE_IDENTIFIER = "com.ios.SuGitti-VIPERTests";
				PRODUCT_NAME = "$(TARGET_NAME)";
				SWIFT_EMIT_LOC_STRINGS = NO;
				SWIFT_VERSION = 5.0;
				TARGETED_DEVICE_FAMILY = "1,2";
				TEST_HOST = "$(BUILT_PRODUCTS_DIR)/SuGitti-VIPER.app/$(BUNDLE_EXECUTABLE_FOLDER_PATH)/SuGitti-VIPER";
			};
			name = Release;
		};
		319949D02C810A6200530AEE /* Debug */ = {
			isa = XCBuildConfiguration;
			buildSettings = {
				ALWAYS_EMBED_SWIFT_STANDARD_LIBRARIES = YES;
				CODE_SIGN_STYLE = Automatic;
				CURRENT_PROJECT_VERSION = 1;
				DEVELOPMENT_TEAM = LD92982N8X;
				GENERATE_INFOPLIST_FILE = YES;
				MARKETING_VERSION = 1.0;
				PRODUCT_BUNDLE_IDENTIFIER = "com.ios.SuGitti-VIPERUITests";
				PRODUCT_NAME = "$(TARGET_NAME)";
				SWIFT_EMIT_LOC_STRINGS = NO;
				SWIFT_VERSION = 5.0;
				TARGETED_DEVICE_FAMILY = "1,2";
				TEST_TARGET_NAME = "SuGitti-VIPER";
			};
			name = Debug;
		};
		319949D12C810A6200530AEE /* Release */ = {
			isa = XCBuildConfiguration;
			buildSettings = {
				ALWAYS_EMBED_SWIFT_STANDARD_LIBRARIES = YES;
				CODE_SIGN_STYLE = Automatic;
				CURRENT_PROJECT_VERSION = 1;
				DEVELOPMENT_TEAM = LD92982N8X;
				GENERATE_INFOPLIST_FILE = YES;
				MARKETING_VERSION = 1.0;
				PRODUCT_BUNDLE_IDENTIFIER = "com.ios.SuGitti-VIPERUITests";
				PRODUCT_NAME = "$(TARGET_NAME)";
				SWIFT_EMIT_LOC_STRINGS = NO;
				SWIFT_VERSION = 5.0;
				TARGETED_DEVICE_FAMILY = "1,2";
				TEST_TARGET_NAME = "SuGitti-VIPER";
			};
			name = Release;
		};
/* End XCBuildConfiguration section */

/* Begin XCConfigurationList section */
		3199499A2C810A6100530AEE /* Build configuration list for PBXProject "SuGitti-VIPER" */ = {
			isa = XCConfigurationList;
			buildConfigurations = (
				319949C72C810A6200530AEE /* Debug */,
				319949C82C810A6200530AEE /* Release */,
			);
			defaultConfigurationIsVisible = 0;
			defaultConfigurationName = Release;
		};
		319949C92C810A6200530AEE /* Build configuration list for PBXNativeTarget "SuGitti-VIPER" */ = {
			isa = XCConfigurationList;
			buildConfigurations = (
				319949CA2C810A6200530AEE /* Debug */,
				319949CB2C810A6200530AEE /* Release */,
			);
			defaultConfigurationIsVisible = 0;
			defaultConfigurationName = Release;
		};
		319949CC2C810A6200530AEE /* Build configuration list for PBXNativeTarget "SuGitti-VIPERTests" */ = {
			isa = XCConfigurationList;
			buildConfigurations = (
				319949CD2C810A6200530AEE /* Debug */,
				319949CE2C810A6200530AEE /* Release */,
			);
			defaultConfigurationIsVisible = 0;
			defaultConfigurationName = Release;
		};
		319949CF2C810A6200530AEE /* Build configuration list for PBXNativeTarget "SuGitti-VIPERUITests" */ = {
			isa = XCConfigurationList;
			buildConfigurations = (
				319949D02C810A6200530AEE /* Debug */,
				319949D12C810A6200530AEE /* Release */,
			);
			defaultConfigurationIsVisible = 0;
			defaultConfigurationName = Release;
		};
/* End XCConfigurationList section */

/* Begin XCRemoteSwiftPackageReference section */
		3112CC712C81156700F50143 /* XCRemoteSwiftPackageReference "SVProgressHUD" */ = {
			isa = XCRemoteSwiftPackageReference;
			repositoryURL = "https://github.com/SVProgressHUD/SVProgressHUD";
			requirement = {
				kind = upToNextMajorVersion;
				minimumVersion = 2.3.1;
			};
		};
/* End XCRemoteSwiftPackageReference section */

/* Begin XCSwiftPackageProductDependency section */
		3112CC722C81156700F50143 /* SVProgressHUD */ = {
			isa = XCSwiftPackageProductDependency;
			package = 3112CC712C81156700F50143 /* XCRemoteSwiftPackageReference "SVProgressHUD" */;
			productName = SVProgressHUD;
		};
/* End XCSwiftPackageProductDependency section */
	};
	rootObject = 319949972C810A6100530AEE /* Project object */;
}
